
Microsoft Visual Studio Solution File, Format Version 12.00
# Visual Studio Version 16
VisualStudioVersion = 16.0.30011.22
MinimumVisualStudioVersion = 10.0.40219.1
Project("{FAE04EC0-301F-11D3-BF4B-00C04F79EFBC}") = "DerleyiciProje", "DerleyiciProje\DerleyiciProje.csproj", "{6EB80A33-0095-4C5B-8C74-356E51F5F716}"
EndProject
Global
	GlobalSection(SolutionConfigurationPlatforms) = preSolution
		Debug|Any CPU = Debug|Any CPU
		Release|Any CPU = Release|Any CPU
	EndGlobalSection
	GlobalSection(ProjectConfigurationPlatforms) = postSolution
		{6EB80A33-0095-4C5B-8C74-356E51F5F716}.Debug|Any CPU.ActiveCfg = Debug|Any CPU
		{6EB80A33-0095-4C5B-8C74-356E51F5F716}.Debug|Any CPU.Build.0 = Debug|Any CPU
		{6EB80A33-0095-4C5B-8C74-356E51F5F716}.Release|Any CPU.ActiveCfg = Release|Any CPU
		{6EB80A33-0095-4C5B-8C74-356E51F5F716}.Release|Any CPU.Build.0 = Release|Any CPU
	EndGlobalSection
	GlobalSection(SolutionProperties) = preSolution
		HideSolutionNode = FALSE
	EndGlobalSection
	GlobalSection(ExtensibilityGlobals) = postSolution
		SolutionGuid = {FEDD4394-5D13-4356-9068-28DFD1638D7E}
	EndGlobalSection
EndGlobal
